
Microsoft Visual Studio Solution File, Format Version 12.00
# Visual Studio Version 17
VisualStudioVersion = 17.13.35913.81 d17.13
MinimumVisualStudioVersion = 10.0.40219.1
Project("{FAE04EC0-301F-11D3-BF4B-00C04F79EFBC}") = "algoritmo 3", "algoritmo 3.csproj", "{888CEB18-F84E-4D8C-97CC-CD2436591076}"
EndProject
Global
	GlobalSection(SolutionConfigurationPlatforms) = preSolution
		Debug|Any CPU = Debug|Any CPU
		Release|Any CPU = Release|Any CPU
	EndGlobalSection
	GlobalSection(ProjectConfigurationPlatforms) = postSolution
		{888CEB18-F84E-4D8C-97CC-CD2436591076}.Debug|Any CPU.ActiveCfg = Debug|Any CPU
		{888CEB18-F84E-4D8C-97CC-CD2436591076}.Debug|Any CPU.Build.0 = Debug|Any CPU
		{888CEB18-F84E-4D8C-97CC-CD2436591076}.Release|Any CPU.ActiveCfg = Release|Any CPU
		{888CEB18-F84E-4D8C-97CC-CD2436591076}.Release|Any CPU.Build.0 = Release|Any CPU
	EndGlobalSection
	GlobalSection(SolutionProperties) = preSolution
		HideSolutionNode = FALSE
	EndGlobalSection
	GlobalSection(ExtensibilityGlobals) = postSolution
		SolutionGuid = {06491574-7F32-4CF7-B4C5-7B4EE9B50A51}
	EndGlobalSection
EndGlobal
